
Microsoft Visual Studio Solution File, Format Version 12.00
# Visual Studio 2012
Project("{FAE04EC0-301F-11D3-BF4B-00C04F79EFBC}") = "Fact.Text.KeywordExpander", "Fact.Text.KeywordExpander\Fact.Text.KeywordExpander.csproj", "{401C6426-0B15-405D-8975-9D6FF73BF512}"
EndProject
Global
	GlobalSection(SolutionConfigurationPlatforms) = preSolution
		Debug|Any CPU = Debug|Any CPU
		Release|Any CPU = Release|Any CPU
	EndGlobalSection
	GlobalSection(ProjectConfigurationPlatforms) = postSolution
		{401C6426-0B15-405D-8975-9D6FF73BF512}.Debug|Any CPU.ActiveCfg = Debug|Any CPU
		{401C6426-0B15-405D-8975-9D6FF73BF512}.Debug|Any CPU.Build.0 = Debug|Any CPU
		{401C6426-0B15-405D-8975-9D6FF73BF512}.Release|Any CPU.ActiveCfg = Release|Any CPU
		{401C6426-0B15-405D-8975-9D6FF73BF512}.Release|Any CPU.Build.0 = Release|Any CPU
	EndGlobalSection
EndGlobal
