
Microsoft Visual Studio Solution File, Format Version 12.00
# Visual Studio 14
VisualStudioVersion = 14.0.22609.0
MinimumVisualStudioVersion = 10.0.40219.1
Project("{8BB2217D-0F2D-49D1-97BC-3654ED321F3B}") = "Fact.Net.Sockets", "Fact.Net.Sockets\Fact.Net.Sockets.kproj", "{185F6E03-DB78-4CBD-A3B3-DCC05DBE5897}"
EndProject
Project("{8BB2217D-0F2D-49D1-97BC-3654ED321F3B}") = "Fact.Text.KeywordExpander", "Fact.Text.KeywordExpander\Fact.Text.KeywordExpander.kproj", "{E1B498B3-9661-4570-A19A-C0F3221327DC}"
EndProject
Project("{8BB2217D-0F2D-49D1-97BC-3654ED321F3B}") = "Fact.IAccessor", "Fact.IAccessor\Fact.IAccessor.kproj", "{92A6958C-F628-4561-8C77-24D81C398D0E}"
EndProject
Project("{8BB2217D-0F2D-49D1-97BC-3654ED321F3B}") = "Fact.Logging", "Fact.Logging\Fact.Logging.kproj", "{FADAB484-2911-48A3-A1E2-D89EE1C6CAAC}"
EndProject
Project("{8BB2217D-0F2D-49D1-97BC-3654ED321F3B}") = "Fact.Core", "Fact.Core\Fact.Core.kproj", "{2C128D9C-8FFF-4B55-8A3E-9FC4C0CECC85}"
EndProject
Global
	GlobalSection(SolutionConfigurationPlatforms) = preSolution
		Debug|Any CPU = Debug|Any CPU
		Release|Any CPU = Release|Any CPU
	EndGlobalSection
	GlobalSection(ProjectConfigurationPlatforms) = postSolution
		{185F6E03-DB78-4CBD-A3B3-DCC05DBE5897}.Debug|Any CPU.ActiveCfg = Debug|Any CPU
		{185F6E03-DB78-4CBD-A3B3-DCC05DBE5897}.Debug|Any CPU.Build.0 = Debug|Any CPU
		{185F6E03-DB78-4CBD-A3B3-DCC05DBE5897}.Release|Any CPU.ActiveCfg = Release|Any CPU
		{185F6E03-DB78-4CBD-A3B3-DCC05DBE5897}.Release|Any CPU.Build.0 = Release|Any CPU
		{E1B498B3-9661-4570-A19A-C0F3221327DC}.Debug|Any CPU.ActiveCfg = Debug|Any CPU
		{E1B498B3-9661-4570-A19A-C0F3221327DC}.Debug|Any CPU.Build.0 = Debug|Any CPU
		{E1B498B3-9661-4570-A19A-C0F3221327DC}.Release|Any CPU.ActiveCfg = Release|Any CPU
		{E1B498B3-9661-4570-A19A-C0F3221327DC}.Release|Any CPU.Build.0 = Release|Any CPU
		{92A6958C-F628-4561-8C77-24D81C398D0E}.Debug|Any CPU.ActiveCfg = Debug|Any CPU
		{92A6958C-F628-4561-8C77-24D81C398D0E}.Debug|Any CPU.Build.0 = Debug|Any CPU
		{92A6958C-F628-4561-8C77-24D81C398D0E}.Release|Any CPU.ActiveCfg = Release|Any CPU
		{92A6958C-F628-4561-8C77-24D81C398D0E}.Release|Any CPU.Build.0 = Release|Any CPU
		{FADAB484-2911-48A3-A1E2-D89EE1C6CAAC}.Debug|Any CPU.ActiveCfg = Debug|Any CPU
		{FADAB484-2911-48A3-A1E2-D89EE1C6CAAC}.Debug|Any CPU.Build.0 = Debug|Any CPU
		{FADAB484-2911-48A3-A1E2-D89EE1C6CAAC}.Release|Any CPU.ActiveCfg = Release|Any CPU
		{FADAB484-2911-48A3-A1E2-D89EE1C6CAAC}.Release|Any CPU.Build.0 = Release|Any CPU
		{2C128D9C-8FFF-4B55-8A3E-9FC4C0CECC85}.Debug|Any CPU.ActiveCfg = Debug|Any CPU
		{2C128D9C-8FFF-4B55-8A3E-9FC4C0CECC85}.Debug|Any CPU.Build.0 = Debug|Any CPU
		{2C128D9C-8FFF-4B55-8A3E-9FC4C0CECC85}.Release|Any CPU.ActiveCfg = Release|Any CPU
		{2C128D9C-8FFF-4B55-8A3E-9FC4C0CECC85}.Release|Any CPU.Build.0 = Release|Any CPU
	EndGlobalSection
	GlobalSection(SolutionProperties) = preSolution
		HideSolutionNode = FALSE
	EndGlobalSection
EndGlobal
